{
  "name": "@namespace/iframe",
  "version": "0.0.1",
  "lockfileVersion": 1,
  "requires": true,
  "dependencies": {
    "jquery": {
      "version": "2.1.4",
      "resolved": "https://registry.npmjs.org/jquery/-/jquery-2.1.4.tgz",
      "integrity": "sha1-IoveaYoMYUMdwmMKahVPFYkNIxc="
    },
    "lodash": {
      "version": "4.6.1",
      "resolved": "https://registry.npmjs.org/lodash/-/lodash-4.6.1.tgz",
      "integrity": "sha1-3wDBFkrSNrGDz8OIel6NOMxjy7w="
    }
  }
}
