{
  "name": "main-img",
  "version": "1.3.0",
  "lockfileVersion": 1,
  "requires": true,
  "dependencies": {
    "bcore": {
      "version": "0.0.18",
      "resolved": "https://registry.npmjs.org/bcore/-/bcore-0.0.18.tgz",
      "integrity": "sha1-UpF416UvaoAexK4pKLFLMTGYRC4="
    },
    "commander": {
      "version": "2.20.0",
      "resolved": "https://registry.npmjs.org/commander/-/commander-2.20.0.tgz",
      "integrity": "sha512-7j2y+40w61zy6YC2iRNpUe/NwhNyoXrYpHMrSunaMG64nRnaf96zO/KMQR4OyN/UnE5KLyEBnKHd4aG3rskjpQ=="
    },
    "cssfilter": {
      "version": "0.0.10",
      "resolved": "https://registry.npmjs.org/cssfilter/-/cssfilter-0.0.10.tgz",
      "integrity": "sha1-xtJnJjKi5cg+AT5oZKQs6N79IK4="
    },
    "jquery": {
      "version": "2.1.4",
      "resolved": "https://registry.npmjs.org/jquery/-/jquery-2.1.4.tgz",
      "integrity": "sha1-IoveaYoMYUMdwmMKahVPFYkNIxc="
    },
    "lodash": {
      "version": "4.6.1",
      "resolved": "https://registry.npmjs.org/lodash/-/lodash-4.6.1.tgz",
      "integrity": "sha1-3wDBFkrSNrGDz8OIel6NOMxjy7w="
    },
    "xss": {
      "version": "0.3.4",
      "resolved": "https://registry.npmjs.org/xss/-/xss-0.3.4.tgz",
      "integrity": "sha512-JFy2ZKgTrEk7BAXm66WoJfOc4WonXue+IMfv1wqnwv4Scz6J+ttuYyZegjbiCGiJJ0teQuTZ6Z0d5AXF5/byXQ==",
      "requires": {
        "commander": "^2.9.0",
        "cssfilter": "0.0.10"
      }
    }
  }
}
